
Microsoft Visual Studio Solution File, Format Version 12.00
# Visual Studio Version 17
VisualStudioVersion = 17.2.32526.322
MinimumVisualStudioVersion = 10.0.40219.1
Project("{9A19103F-16F7-4668-BE54-9A1E7A4F7556}") = "RazorPizzeria", "RazorPizzeria\RazorPizzeria.csproj", "{7722D9E9-9234-48A0-A054-AD00A7C20A14}"
EndProject
Global
	GlobalSection(SolutionConfigurationPlatforms) = preSolution
		Debug|Any CPU = Debug|Any CPU
		Release|Any CPU = Release|Any CPU
	EndGlobalSection
	GlobalSection(ProjectConfigurationPlatforms) = postSolution
		{7722D9E9-9234-48A0-A054-AD00A7C20A14}.Debug|Any CPU.ActiveCfg = Debug|Any CPU
		{7722D9E9-9234-48A0-A054-AD00A7C20A14}.Debug|Any CPU.Build.0 = Debug|Any CPU
		{7722D9E9-9234-48A0-A054-AD00A7C20A14}.Release|Any CPU.ActiveCfg = Release|Any CPU
		{7722D9E9-9234-48A0-A054-AD00A7C20A14}.Release|Any CPU.Build.0 = Release|Any CPU
	EndGlobalSection
	GlobalSection(SolutionProperties) = preSolution
		HideSolutionNode = FALSE
	EndGlobalSection
	GlobalSection(ExtensibilityGlobals) = postSolution
		SolutionGuid = {2A3430DA-2231-41CF-8B26-C4C75BDE2BBB}
	EndGlobalSection
EndGlobal
